
Microsoft Visual Studio Solution File, Format Version 12.00
Project("{FAE04EC0-301F-11D3-BF4B-00C04F79EFBC}") = "ChatApp.Web", "ChatApp.Web\ChatApp.Web.csproj", "{C80B700C-7DC6-4DE5-99BE-99FFFDAEDD56}"
EndProject
Global
	GlobalSection(SolutionConfigurationPlatforms) = preSolution
		Debug|Any CPU = Debug|Any CPU
		Release|Any CPU = Release|Any CPU
	EndGlobalSection
	GlobalSection(ProjectConfigurationPlatforms) = postSolution
		{C80B700C-7DC6-4DE5-99BE-99FFFDAEDD56}.Debug|Any CPU.ActiveCfg = Debug|Any CPU
		{C80B700C-7DC6-4DE5-99BE-99FFFDAEDD56}.Debug|Any CPU.Build.0 = Debug|Any CPU
		{C80B700C-7DC6-4DE5-99BE-99FFFDAEDD56}.Release|Any CPU.ActiveCfg = Release|Any CPU
		{C80B700C-7DC6-4DE5-99BE-99FFFDAEDD56}.Release|Any CPU.Build.0 = Release|Any CPU
	EndGlobalSection
EndGlobal
